
Microsoft Visual Studio Solution File, Format Version 12.00
# Visual Studio Version 17
VisualStudioVersion = 17.1.32319.34
MinimumVisualStudioVersion = 10.0.40219.1
Project("{FAE04EC0-301F-11D3-BF4B-00C04F79EFBC}") = "WebshopTemplate", "WebshopTemplate\WebshopTemplate.csproj", "{8F7D13FD-3473-4E7E-8860-24E080985160}"
EndProject
Global
	GlobalSection(SolutionConfigurationPlatforms) = preSolution
		Debug|Any CPU = Debug|Any CPU
		Release|Any CPU = Release|Any CPU
	EndGlobalSection
	GlobalSection(ProjectConfigurationPlatforms) = postSolution
		{8F7D13FD-3473-4E7E-8860-24E080985160}.Debug|Any CPU.ActiveCfg = Debug|Any CPU
		{8F7D13FD-3473-4E7E-8860-24E080985160}.Debug|Any CPU.Build.0 = Debug|Any CPU
		{8F7D13FD-3473-4E7E-8860-24E080985160}.Release|Any CPU.ActiveCfg = Release|Any CPU
		{8F7D13FD-3473-4E7E-8860-24E080985160}.Release|Any CPU.Build.0 = Release|Any CPU
	EndGlobalSection
	GlobalSection(SolutionProperties) = preSolution
		HideSolutionNode = FALSE
	EndGlobalSection
	GlobalSection(ExtensibilityGlobals) = postSolution
		SolutionGuid = {AB9C71BA-91B0-4AAD-A6D6-133FE93C5B8D}
	EndGlobalSection
EndGlobal
